{
  "name": "mapbox-gl-openlayers",
  "version": "1.0.0",
  "lockfileVersion": 1,
  "requires": true,
  "dependencies": {
    "@mapbox/geojson-rewind": {
      "version": "0.5.0",
      "resolved": "https://registry.npm.taobao.org/@mapbox/geojson-rewind/download/@mapbox/geojson-rewind-0.5.0.tgz",
      "integrity": "sha1-kfCtVgCMEgyqGUFLZE10Ekn09WA=",
      "requires": {
        "concat-stream": "~2.0.0",
        "minimist": "^1.2.5"
      }
    },
    "@mapbox/geojson-types": {
      "version": "1.0.2",
      "resolved": "https://registry.npm.taobao.org/@mapbox/geojson-types/download/@mapbox/geojson-types-1.0.2.tgz",
      "integrity": "sha1-muz2QssA6rEIClfE+UmmW0pYRtY="
    },
    "@mapbox/jsonlint-lines-primitives": {
      "version": "2.0.2",
      "resolved": "https://registry.npm.taobao.org/@mapbox/jsonlint-lines-primitives/download/@mapbox/jsonlint-lines-primitives-2.0.2.tgz",
      "integrity": "sha1-zlblOfg1UrWNENZy6k1vya3HsjQ="
    },
    "@mapbox/mapbox-gl-style-spec": {
      "version": "13.16.0",
      "resolved": "https://registry.npm.taobao.org/@mapbox/mapbox-gl-style-spec/download/@mapbox/mapbox-gl-style-spec-13.16.0.tgz",
      "integrity": "sha1-/g3GLCJpf/PjiWaj9E5XreSLQmA=",
      "requires": {
        "@mapbox/jsonlint-lines-primitives": "~2.0.2",
        "@mapbox/point-geometry": "^0.1.0",
        "@mapbox/unitbezier": "^0.0.0",
        "csscolorparser": "~1.0.2",
        "json-stringify-pretty-compact": "^2.0.0",
        "minimist": "^1.2.5",
        "rw": "^1.3.3",
        "sort-object": "^0.3.2"
      }
    },
    "@mapbox/mapbox-gl-supported": {
      "version": "1.5.0",
      "resolved": "https://registry.npm.taobao.org/@mapbox/mapbox-gl-supported/download/@mapbox/mapbox-gl-supported-1.5.0.tgz",
      "integrity": "sha1-9gtqVaXY5e6Qg0fSzkJQsVED3I4="
    },
    "@mapbox/point-geometry": {
      "version": "0.1.0",
      "resolved": "https://registry.npm.taobao.org/@mapbox/point-geometry/download/@mapbox/point-geometry-0.1.0.tgz",
      "integrity": "sha1-ioP5M1x4YO/6Lu7KJUMyqgru2PI="
    },
    "@mapbox/tiny-sdf": {
      "version": "1.1.1",
      "resolved": "https://registry.npm.taobao.org/@mapbox/tiny-sdf/download/@mapbox/tiny-sdf-1.1.1.tgz",
      "integrity": "sha1-FqIMRwdBv+kZHeszb0bhlNpKkf8="
    },
    "@mapbox/unitbezier": {
      "version": "0.0.0",
      "resolved": "https://registry.npm.taobao.org/@mapbox/unitbezier/download/@mapbox/unitbezier-0.0.0.tgz",
      "integrity": "sha1-FWUb1VOme4WB+zmIEMmK2Go0Uk4="
    },
    "@mapbox/vector-tile": {
      "version": "1.3.1",
      "resolved": "https://registry.npm.taobao.org/@mapbox/vector-tile/download/@mapbox/vector-tile-1.3.1.tgz",
      "integrity": "sha1-06dMkEAtBuiexm3knsgX/1NAlmY=",
      "requires": {
        "@mapbox/point-geometry": "~0.1.0"
      }
    },
    "@mapbox/whoots-js": {
      "version": "3.1.0",
      "resolved": "https://registry.npm.taobao.org/@mapbox/whoots-js/download/@mapbox/whoots-js-3.1.0.tgz",
      "integrity": "sha1-SXxnoc71DRokWbpg8xXkSNKth/4="
    },
    "@types/arcgis-rest-api": {
      "version": "10.4.4",
      "resolved": "https://registry.npm.taobao.org/@types/arcgis-rest-api/download/@types/arcgis-rest-api-10.4.4.tgz",
      "integrity": "sha1-yEsmrH8B3rKCm/8Q675UTCMQ+80=",
      "dev": true
    },
    "@types/geojson": {
      "version": "7946.0.7",
      "resolved": "https://registry.npm.taobao.org/@types/geojson/download/@types/geojson-7946.0.7.tgz",
      "integrity": "sha1-yPpTK2CgBCIZzfFzyiGpde8GZq0=",
      "dev": true
    },
    "@types/mapbox-gl": {
      "version": "1.11.1",
      "resolved": "https://registry.npm.taobao.org/@types/mapbox-gl/download/@types/mapbox-gl-1.11.1.tgz",
      "integrity": "sha1-BssvEeTbZIzjLT/TN/7xY6LwS4A=",
      "dev": true,
      "requires": {
        "@types/geojson": "*"
      }
    },
    "@types/ol": {
      "version": "6.3.1",
      "resolved": "https://registry.npm.taobao.org/@types/ol/download/@types/ol-6.3.1.tgz",
      "integrity": "sha1-z/kjoNVDPz22aUYjTz5lI4GFygI=",
      "dev": true,
      "requires": {
        "@types/arcgis-rest-api": "*",
        "@types/geojson": "*",
        "@types/topojson-specification": "*"
      }
    },
    "@types/topojson-specification": {
      "version": "1.0.1",
      "resolved": "https://registry.npm.taobao.org/@types/topojson-specification/download/@types/topojson-specification-1.0.1.tgz",
      "integrity": "sha1-qAyylCkLefLWdNP1k4xUTtK9nYA=",
      "dev": true,
      "requires": {
        "@types/geojson": "*"
      }
    },
    "buffer-from": {
      "version": "1.1.1",
      "resolved": "https://registry.npm.taobao.org/buffer-from/download/buffer-from-1.1.1.tgz",
      "integrity": "sha1-MnE7wCj3XAL9txDXx7zsHyxgcO8="
    },
    "concat-stream": {
      "version": "2.0.0",
      "resolved": "https://registry.npm.taobao.org/concat-stream/download/concat-stream-2.0.0.tgz",
      "integrity": "sha1-QUz1r3kKSMYKub5FJ9VtXkETPLE=",
      "requires": {
        "buffer-from": "^1.0.0",
        "inherits": "^2.0.3",
        "readable-stream": "^3.0.2",
        "typedarray": "^0.0.6"
      }
    },
    "csscolorparser": {
      "version": "1.0.3",
      "resolved": "https://registry.npm.taobao.org/csscolorparser/download/csscolorparser-1.0.3.tgz",
      "integrity": "sha1-s085HupNqPPpgjHizNjfnAQfFxs="
    },
    "earcut": {
      "version": "2.2.2",
      "resolved": "https://registry.npm.taobao.org/earcut/download/earcut-2.2.2.tgz",
      "integrity": "sha1-QbC8NfY+D+gNp83f8oUR5+LoDRE="
    },
    "fsevents": {
      "version": "2.1.3",
      "resolved": "https://registry.npm.taobao.org/fsevents/download/fsevents-2.1.3.tgz",
      "integrity": "sha1-+3OHA66NL5/pAMM4Nt3r7ouX8j4=",
      "dev": true,
      "optional": true
    },
    "geojson-vt": {
      "version": "3.2.1",
      "resolved": "https://registry.npm.taobao.org/geojson-vt/download/geojson-vt-3.2.1.tgz",
      "integrity": "sha1-+K22FNLB0/bufEJlytS7861gyLc="
    },
    "gl-matrix": {
      "version": "3.3.0",
      "resolved": "https://registry.npm.taobao.org/gl-matrix/download/gl-matrix-3.3.0.tgz",
      "integrity": "sha1-Iy7vYLHIswooy751ssr2xI/WNYs="
    },
    "grid-index": {
      "version": "1.1.0",
      "resolved": "https://registry.npm.taobao.org/grid-index/download/grid-index-1.1.0.tgz",
      "integrity": "sha1-l/giHt7BAmyDd7hkRqfHHnlSLqc="
    },
    "ieee754": {
      "version": "1.1.13",
      "resolved": "https://registry.npm.taobao.org/ieee754/download/ieee754-1.1.13.tgz",
      "integrity": "sha1-7BaFWOlaoYH9h9N/VcMrvLZwi4Q="
    },
    "inherits": {
      "version": "2.0.4",
      "resolved": "https://registry.npm.taobao.org/inherits/download/inherits-2.0.4.tgz",
      "integrity": "sha1-D6LGT5MpF8NDOg3tVTY6rjdBa3w="
    },
    "json-stringify-pretty-compact": {
      "version": "2.0.0",
      "resolved": "https://registry.npm.taobao.org/json-stringify-pretty-compact/download/json-stringify-pretty-compact-2.0.0.tgz",
      "integrity": "sha1-53xBn1L/AMRaMfB/TIIMJDMUOIU="
    },
    "kdbush": {
      "version": "3.0.0",
      "resolved": "https://registry.npm.taobao.org/kdbush/download/kdbush-3.0.0.tgz",
      "integrity": "sha1-+EhHlNRwBMwthe06eTU9vgq8K/A="
    },
    "mapbox-gl": {
      "version": "1.11.1",
      "resolved": "https://registry.npm.taobao.org/mapbox-gl/download/mapbox-gl-1.11.1.tgz",
      "integrity": "sha1-Bj5ytZHVBrax9IPfVj4+SM0Klxs=",
      "requires": {
        "@mapbox/geojson-rewind": "^0.5.0",
        "@mapbox/geojson-types": "^1.0.2",
        "@mapbox/jsonlint-lines-primitives": "^2.0.2",
        "@mapbox/mapbox-gl-supported": "^1.5.0",
        "@mapbox/point-geometry": "^0.1.0",
        "@mapbox/tiny-sdf": "^1.1.1",
        "@mapbox/unitbezier": "^0.0.0",
        "@mapbox/vector-tile": "^1.3.1",
        "@mapbox/whoots-js": "^3.1.0",
        "csscolorparser": "~1.0.3",
        "earcut": "^2.2.2",
        "geojson-vt": "^3.2.1",
        "gl-matrix": "^3.2.1",
        "grid-index": "^1.1.0",
        "minimist": "^1.2.5",
        "murmurhash-js": "^1.0.0",
        "pbf": "^3.2.1",
        "potpack": "^1.0.1",
        "quickselect": "^2.0.0",
        "rw": "^1.3.3",
        "supercluster": "^7.1.0",
        "tinyqueue": "^2.0.3",
        "vt-pbf": "^3.1.1"
      }
    },
    "mapbox-to-css-font": {
      "version": "2.4.0",
      "resolved": "https://registry.npm.taobao.org/mapbox-to-css-font/download/mapbox-to-css-font-2.4.0.tgz",
      "integrity": "sha1-ojtRZkoe6Dm+rvreAT8mVb7po5A="
    },
    "minimist": {
      "version": "1.2.5",
      "resolved": "https://registry.npm.taobao.org/minimist/download/minimist-1.2.5.tgz",
      "integrity": "sha1-Z9ZgFLZqaoqqDAg8X9WN9OTpdgI="
    },
    "murmurhash-js": {
      "version": "1.0.0",
      "resolved": "https://registry.npm.taobao.org/murmurhash-js/download/murmurhash-js-1.0.0.tgz",
      "integrity": "sha1-sGJ44h/Gw3+lMTcysEEry2rhX1E="
    },
    "ol": {
      "version": "6.4.0",
      "resolved": "https://registry.npm.taobao.org/ol/download/ol-6.4.0.tgz",
      "integrity": "sha1-9Hg+fgjK63tU9dvEFQe8GXMdses=",
      "requires": {
        "ol-mapbox-style": "^6.1.1",
        "pbf": "3.2.1",
        "rbush": "^3.0.1"
      }
    },
    "ol-mapbox-style": {
      "version": "6.1.2",
      "resolved": "https://registry.npm.taobao.org/ol-mapbox-style/download/ol-mapbox-style-6.1.2.tgz",
      "integrity": "sha1-YR+RjCtxP7Zt4O6FvGiK67uykK8=",
      "requires": {
        "@mapbox/mapbox-gl-style-spec": "^13.14.0",
        "mapbox-to-css-font": "^2.4.0",
        "webfont-matcher": "^1.1.0"
      }
    },
    "pbf": {
      "version": "3.2.1",
      "resolved": "https://registry.npm.taobao.org/pbf/download/pbf-3.2.1.tgz",
      "integrity": "sha1-tMG55yr5Zs2CxlMWkRFcwECf/io=",
      "requires": {
        "ieee754": "^1.1.12",
        "resolve-protobuf-schema": "^2.1.0"
      }
    },
    "potpack": {
      "version": "1.0.1",
      "resolved": "https://registry.npm.taobao.org/potpack/download/potpack-1.0.1.tgz",
      "integrity": "sha1-0bGv2J5Mj3dihl7DC9ESq3Z+Lr8="
    },
    "protocol-buffers-schema": {
      "version": "3.4.0",
      "resolved": "https://registry.npm.taobao.org/protocol-buffers-schema/download/protocol-buffers-schema-3.4.0.tgz",
      "integrity": "sha1-Lw6jHKlmJ9aAvy/vrn6/orZFPq4="
    },
    "quickselect": {
      "version": "2.0.0",
      "resolved": "https://registry.npm.taobao.org/quickselect/download/quickselect-2.0.0.tgz",
      "integrity": "sha1-8ZaApIal7vtYEwPgI+mPqvJd0Bg="
    },
    "rbush": {
      "version": "3.0.1",
      "resolved": "https://registry.npm.taobao.org/rbush/download/rbush-3.0.1.tgz",
      "integrity": "sha1-X6+op5s7mv3+UAhAOnIMwd6ILs8=",
      "requires": {
        "quickselect": "^2.0.0"
      }
    },
    "readable-stream": {
      "version": "3.6.0",
      "resolved": "https://registry.npm.taobao.org/readable-stream/download/readable-stream-3.6.0.tgz",
      "integrity": "sha1-M3u9o63AcGvT4CRCaihtS0sskZg=",
      "requires": {
        "inherits": "^2.0.3",
        "string_decoder": "^1.1.1",
        "util-deprecate": "^1.0.1"
      }
    },
    "resolve-protobuf-schema": {
      "version": "2.1.0",
      "resolved": "https://registry.npm.taobao.org/resolve-protobuf-schema/download/resolve-protobuf-schema-2.1.0.tgz",
      "integrity": "sha1-nKmp5pzxkrva8QBuwZc5SKpKN1g=",
      "requires": {
        "protocol-buffers-schema": "^3.3.1"
      }
    },
    "rollup": {
      "version": "2.23.0",
      "resolved": "https://registry.npm.taobao.org/rollup/download/rollup-2.23.0.tgz?cache=0&sync_timestamp=1595563379870&other_urls=https%3A%2F%2Fregistry.npm.taobao.org%2Frollup%2Fdownload%2Frollup-2.23.0.tgz",
      "integrity": "sha1-t6sf7gwOYBMv0FU8TfHpzaz62p0=",
      "dev": true,
      "requires": {
        "fsevents": "~2.1.2"
      }
    },
    "rw": {
      "version": "1.3.3",
      "resolved": "https://registry.npm.taobao.org/rw/download/rw-1.3.3.tgz",
      "integrity": "sha1-P4Yt+pGrdmsUiF700BEkv9oHT7Q="
    },
    "safe-buffer": {
      "version": "5.2.1",
      "resolved": "https://registry.npm.taobao.org/safe-buffer/download/safe-buffer-5.2.1.tgz?cache=0&sync_timestamp=1589129103371&other_urls=https%3A%2F%2Fregistry.npm.taobao.org%2Fsafe-buffer%2Fdownload%2Fsafe-buffer-5.2.1.tgz",
      "integrity": "sha1-Hq+fqb2x/dTsdfWPnNtOa3gn7sY="
    },
    "sort-asc": {
      "version": "0.1.0",
      "resolved": "https://registry.npm.taobao.org/sort-asc/download/sort-asc-0.1.0.tgz",
      "integrity": "sha1-q3md9h/HPqCVbHnEtTHtHp53J+k="
    },
    "sort-desc": {
      "version": "0.1.1",
      "resolved": "https://registry.npm.taobao.org/sort-desc/download/sort-desc-0.1.1.tgz",
      "integrity": "sha1-GYuMDN6wlcRjNBhh45JdTuNZqe4="
    },
    "sort-object": {
      "version": "0.3.2",
      "resolved": "https://registry.npm.taobao.org/sort-object/download/sort-object-0.3.2.tgz",
      "integrity": "sha1-mODRme3kDgfGGoRAPGHWw7KQ+eI=",
      "requires": {
        "sort-asc": "^0.1.0",
        "sort-desc": "^0.1.1"
      }
    },
    "string_decoder": {
      "version": "1.3.0",
      "resolved": "https://registry.npm.taobao.org/string_decoder/download/string_decoder-1.3.0.tgz",
      "integrity": "sha1-QvEUWUpGzxqOMLCoT1bHjD7awh4=",
      "requires": {
        "safe-buffer": "~5.2.0"
      }
    },
    "supercluster": {
      "version": "7.1.0",
      "resolved": "https://registry.npm.taobao.org/supercluster/download/supercluster-7.1.0.tgz?cache=0&sync_timestamp=1591104625509&other_urls=https%3A%2F%2Fregistry.npm.taobao.org%2Fsupercluster%2Fdownload%2Fsupercluster-7.1.0.tgz",
      "integrity": "sha1-8KRXQm7Aq5XWnF8DtR4El3S5RHk=",
      "requires": {
        "kdbush": "^3.0.0"
      }
    },
    "tinyqueue": {
      "version": "2.0.3",
      "resolved": "https://registry.npm.taobao.org/tinyqueue/download/tinyqueue-2.0.3.tgz",
      "integrity": "sha1-ZNhJLr8554Ade9NAYuKbRbIDXwg="
    },
    "typedarray": {
      "version": "0.0.6",
      "resolved": "https://registry.npm.taobao.org/typedarray/download/typedarray-0.0.6.tgz",
      "integrity": "sha1-hnrHTjhkGHsdPUfZlqeOxciDB3c="
    },
    "util-deprecate": {
      "version": "1.0.2",
      "resolved": "https://registry.npm.taobao.org/util-deprecate/download/util-deprecate-1.0.2.tgz",
      "integrity": "sha1-RQ1Nyfpw3nMnYvvS1KKJgUGaDM8="
    },
    "vt-pbf": {
      "version": "3.1.1",
      "resolved": "https://registry.npm.taobao.org/vt-pbf/download/vt-pbf-3.1.1.tgz",
      "integrity": "sha1-sPYn45oQzpHZQ7iY7SNj0hiZ+4I=",
      "requires": {
        "@mapbox/point-geometry": "0.1.0",
        "@mapbox/vector-tile": "^1.3.1",
        "pbf": "^3.0.5"
      }
    },
    "webfont-matcher": {
      "version": "1.1.0",
      "resolved": "https://registry.npm.taobao.org/webfont-matcher/download/webfont-matcher-1.1.0.tgz",
      "integrity": "sha1-mM6VCXsp4x++czBT4Q5XFkLRxsc="
    }
  }
}
